
Microsoft Visual Studio Solution File, Format Version 12.00
# Visual Studio Version 17
VisualStudioVersion = 17.2.32616.157
MinimumVisualStudioVersion = 10.0.40219.1
Project("{FAE04EC0-301F-11D3-BF4B-00C04F79EFBC}") = "Receipt", "Receipt\Receipt.csproj", "{9C0AA4D5-CBB6-4934-A4C4-F8DF678B4629}"
EndProject
Project("{FAE04EC0-301F-11D3-BF4B-00C04F79EFBC}") = "ReceiptEntity", "ReceiptEntity\ReceiptEntity.csproj", "{19368975-6939-4C85-9860-40D94BA8F0F7}"
EndProject
Project("{FAE04EC0-301F-11D3-BF4B-00C04F79EFBC}") = "ReceiptBAccess", "ReceiptBAccess\ReceiptBAccess.csproj", "{2C1BB81C-425E-47A2-B908-52E0D0890F36}"
EndProject
Project("{FAE04EC0-301F-11D3-BF4B-00C04F79EFBC}") = "ReceiptDataAcess", "ReceiptDataAcess\ReceiptDataAcess.csproj", "{A62D8259-FADA-4EE7-85D5-879538C1FA43}"
EndProject
Project("{FAE04EC0-301F-11D3-BF4B-00C04F79EFBC}") = "ReceiptLog", "ReceiptLog\ReceiptLog.csproj", "{CE4F2D03-E3B0-469C-9FF6-162B20FD5A67}"
EndProject
Global
	GlobalSection(SolutionConfigurationPlatforms) = preSolution
		Debug|Any CPU = Debug|Any CPU
		Release|Any CPU = Release|Any CPU
	EndGlobalSection
	GlobalSection(ProjectConfigurationPlatforms) = postSolution
		{9C0AA4D5-CBB6-4934-A4C4-F8DF678B4629}.Debug|Any CPU.ActiveCfg = Debug|Any CPU
		{9C0AA4D5-CBB6-4934-A4C4-F8DF678B4629}.Debug|Any CPU.Build.0 = Debug|Any CPU
		{9C0AA4D5-CBB6-4934-A4C4-F8DF678B4629}.Release|Any CPU.ActiveCfg = Release|Any CPU
		{9C0AA4D5-CBB6-4934-A4C4-F8DF678B4629}.Release|Any CPU.Build.0 = Release|Any CPU
		{19368975-6939-4C85-9860-40D94BA8F0F7}.Debug|Any CPU.ActiveCfg = Debug|Any CPU
		{19368975-6939-4C85-9860-40D94BA8F0F7}.Debug|Any CPU.Build.0 = Debug|Any CPU
		{19368975-6939-4C85-9860-40D94BA8F0F7}.Release|Any CPU.ActiveCfg = Release|Any CPU
		{19368975-6939-4C85-9860-40D94BA8F0F7}.Release|Any CPU.Build.0 = Release|Any CPU
		{2C1BB81C-425E-47A2-B908-52E0D0890F36}.Debug|Any CPU.ActiveCfg = Debug|Any CPU
		{2C1BB81C-425E-47A2-B908-52E0D0890F36}.Debug|Any CPU.Build.0 = Debug|Any CPU
		{2C1BB81C-425E-47A2-B908-52E0D0890F36}.Release|Any CPU.ActiveCfg = Release|Any CPU
		{2C1BB81C-425E-47A2-B908-52E0D0890F36}.Release|Any CPU.Build.0 = Release|Any CPU
		{A62D8259-FADA-4EE7-85D5-879538C1FA43}.Debug|Any CPU.ActiveCfg = Debug|Any CPU
		{A62D8259-FADA-4EE7-85D5-879538C1FA43}.Debug|Any CPU.Build.0 = Debug|Any CPU
		{A62D8259-FADA-4EE7-85D5-879538C1FA43}.Release|Any CPU.ActiveCfg = Release|Any CPU
		{A62D8259-FADA-4EE7-85D5-879538C1FA43}.Release|Any CPU.Build.0 = Release|Any CPU
		{CE4F2D03-E3B0-469C-9FF6-162B20FD5A67}.Debug|Any CPU.ActiveCfg = Debug|Any CPU
		{CE4F2D03-E3B0-469C-9FF6-162B20FD5A67}.Debug|Any CPU.Build.0 = Debug|Any CPU
		{CE4F2D03-E3B0-469C-9FF6-162B20FD5A67}.Release|Any CPU.ActiveCfg = Release|Any CPU
		{CE4F2D03-E3B0-469C-9FF6-162B20FD5A67}.Release|Any CPU.Build.0 = Release|Any CPU
	EndGlobalSection
	GlobalSection(SolutionProperties) = preSolution
		HideSolutionNode = FALSE
	EndGlobalSection
	GlobalSection(ExtensibilityGlobals) = postSolution
		SolutionGuid = {BB3BC6CE-249C-486F-A7A9-4C3EA0B00E4E}
	EndGlobalSection
EndGlobal
